
Microsoft Visual Studio Solution File, Format Version 12.00
# Visual Studio 15
VisualStudioVersion = 15.0.27130.2010
MinimumVisualStudioVersion = 10.0.40219.1
Project("{9A19103F-16F7-4668-BE54-9A1E7A4F7556}") = "01.Vehicles", "01.Vehicles\01.Vehicles.csproj", "{42E4BE60-B1AF-4851-BF26-8FB22FE15A4A}"
EndProject
Project("{FAE04EC0-301F-11D3-BF4B-00C04F79EFBC}") = "02.VehiclesExtension", "02.VehiclesExtension\02.VehiclesExtension.csproj", "{2D25B7EA-EFD3-413C-958E-39BFCCF2F007}"
EndProject
Project("{FAE04EC0-301F-11D3-BF4B-00C04F79EFBC}") = "03.WildFarm", "03.WildFarm\03.WildFarm.csproj", "{2FFCDBC2-D251-47D0-B901-E670B1AB8959}"
EndProject
Global
	GlobalSection(SolutionConfigurationPlatforms) = preSolution
		Debug|Any CPU = Debug|Any CPU
		Release|Any CPU = Release|Any CPU
	EndGlobalSection
	GlobalSection(ProjectConfigurationPlatforms) = postSolution
		{42E4BE60-B1AF-4851-BF26-8FB22FE15A4A}.Debug|Any CPU.ActiveCfg = Debug|Any CPU
		{42E4BE60-B1AF-4851-BF26-8FB22FE15A4A}.Debug|Any CPU.Build.0 = Debug|Any CPU
		{42E4BE60-B1AF-4851-BF26-8FB22FE15A4A}.Release|Any CPU.ActiveCfg = Release|Any CPU
		{42E4BE60-B1AF-4851-BF26-8FB22FE15A4A}.Release|Any CPU.Build.0 = Release|Any CPU
		{2D25B7EA-EFD3-413C-958E-39BFCCF2F007}.Debug|Any CPU.ActiveCfg = Debug|Any CPU
		{2D25B7EA-EFD3-413C-958E-39BFCCF2F007}.Debug|Any CPU.Build.0 = Debug|Any CPU
		{2D25B7EA-EFD3-413C-958E-39BFCCF2F007}.Release|Any CPU.ActiveCfg = Release|Any CPU
		{2D25B7EA-EFD3-413C-958E-39BFCCF2F007}.Release|Any CPU.Build.0 = Release|Any CPU
		{2FFCDBC2-D251-47D0-B901-E670B1AB8959}.Debug|Any CPU.ActiveCfg = Debug|Any CPU
		{2FFCDBC2-D251-47D0-B901-E670B1AB8959}.Debug|Any CPU.Build.0 = Debug|Any CPU
		{2FFCDBC2-D251-47D0-B901-E670B1AB8959}.Release|Any CPU.ActiveCfg = Release|Any CPU
		{2FFCDBC2-D251-47D0-B901-E670B1AB8959}.Release|Any CPU.Build.0 = Release|Any CPU
	EndGlobalSection
	GlobalSection(SolutionProperties) = preSolution
		HideSolutionNode = FALSE
	EndGlobalSection
	GlobalSection(ExtensibilityGlobals) = postSolution
		SolutionGuid = {3383C4D8-9D7C-4014-B6AD-435F636DFE00}
	EndGlobalSection
EndGlobal
