
Microsoft Visual Studio Solution File, Format Version 12.00
# Visual Studio 15
VisualStudioVersion = 15.0.27130.2010
MinimumVisualStudioVersion = 10.0.40219.1
Project("{FAE04EC0-301F-11D3-BF4B-00C04F79EFBC}") = "MineDraft", "MineDraft\MineDraft.csproj", "{349E5442-0B99-4C35-A13E-489B29084190}"
EndProject
Global
	GlobalSection(SolutionConfigurationPlatforms) = preSolution
		Debug|Any CPU = Debug|Any CPU
		Release|Any CPU = Release|Any CPU
	EndGlobalSection
	GlobalSection(ProjectConfigurationPlatforms) = postSolution
		{349E5442-0B99-4C35-A13E-489B29084190}.Debug|Any CPU.ActiveCfg = Debug|Any CPU
		{349E5442-0B99-4C35-A13E-489B29084190}.Debug|Any CPU.Build.0 = Debug|Any CPU
		{349E5442-0B99-4C35-A13E-489B29084190}.Release|Any CPU.ActiveCfg = Release|Any CPU
		{349E5442-0B99-4C35-A13E-489B29084190}.Release|Any CPU.Build.0 = Release|Any CPU
	EndGlobalSection
	GlobalSection(SolutionProperties) = preSolution
		HideSolutionNode = FALSE
	EndGlobalSection
	GlobalSection(ExtensibilityGlobals) = postSolution
		SolutionGuid = {1A605D18-433B-42E1-B623-7586ACE12A67}
	EndGlobalSection
EndGlobal
