
Microsoft Visual Studio Solution File, Format Version 12.00
# Visual Studio 15
VisualStudioVersion = 15.0.27130.2010
MinimumVisualStudioVersion = 10.0.40219.1
Project("{FAE04EC0-301F-11D3-BF4B-00C04F79EFBC}") = "PartI", "PartI\PartI.csproj", "{A899E76A-0960-4818-8AED-23F02F91D34C}"
EndProject
Project("{FAE04EC0-301F-11D3-BF4B-00C04F79EFBC}") = "02.GenericArrayCreator", "02.GenericArrayCreator\02.GenericArrayCreator.csproj", "{4C122903-B38D-4087-A08B-6B35AD1467A2}"
EndProject
Project("{FAE04EC0-301F-11D3-BF4B-00C04F79EFBC}") = "03.GenericScale", "03.GenericScale\03.GenericScale.csproj", "{57D73723-9136-4D82-8C46-84E380C9E821}"
EndProject
Global
	GlobalSection(SolutionConfigurationPlatforms) = preSolution
		Debug|Any CPU = Debug|Any CPU
		Release|Any CPU = Release|Any CPU
	EndGlobalSection
	GlobalSection(ProjectConfigurationPlatforms) = postSolution
		{A899E76A-0960-4818-8AED-23F02F91D34C}.Debug|Any CPU.ActiveCfg = Debug|Any CPU
		{A899E76A-0960-4818-8AED-23F02F91D34C}.Debug|Any CPU.Build.0 = Debug|Any CPU
		{A899E76A-0960-4818-8AED-23F02F91D34C}.Release|Any CPU.ActiveCfg = Release|Any CPU
		{A899E76A-0960-4818-8AED-23F02F91D34C}.Release|Any CPU.Build.0 = Release|Any CPU
		{4C122903-B38D-4087-A08B-6B35AD1467A2}.Debug|Any CPU.ActiveCfg = Debug|Any CPU
		{4C122903-B38D-4087-A08B-6B35AD1467A2}.Debug|Any CPU.Build.0 = Debug|Any CPU
		{4C122903-B38D-4087-A08B-6B35AD1467A2}.Release|Any CPU.ActiveCfg = Release|Any CPU
		{4C122903-B38D-4087-A08B-6B35AD1467A2}.Release|Any CPU.Build.0 = Release|Any CPU
		{57D73723-9136-4D82-8C46-84E380C9E821}.Debug|Any CPU.ActiveCfg = Debug|Any CPU
		{57D73723-9136-4D82-8C46-84E380C9E821}.Debug|Any CPU.Build.0 = Debug|Any CPU
		{57D73723-9136-4D82-8C46-84E380C9E821}.Release|Any CPU.ActiveCfg = Release|Any CPU
		{57D73723-9136-4D82-8C46-84E380C9E821}.Release|Any CPU.Build.0 = Release|Any CPU
	EndGlobalSection
	GlobalSection(SolutionProperties) = preSolution
		HideSolutionNode = FALSE
	EndGlobalSection
	GlobalSection(ExtensibilityGlobals) = postSolution
		SolutionGuid = {B45B9DD9-383F-41D1-97BE-85F218F04E14}
	EndGlobalSection
EndGlobal
