
Microsoft Visual Studio Solution File, Format Version 12.00
# Visual Studio 15
VisualStudioVersion = 15.0.27130.2010
MinimumVisualStudioVersion = 10.0.40219.1
Project("{FAE04EC0-301F-11D3-BF4B-00C04F79EFBC}") = "GrandPrix", "GrandPrix\GrandPrix.csproj", "{458CABB3-41FD-4CA4-8343-56ECC136662C}"
EndProject
Global
	GlobalSection(SolutionConfigurationPlatforms) = preSolution
		Debug|Any CPU = Debug|Any CPU
		Release|Any CPU = Release|Any CPU
	EndGlobalSection
	GlobalSection(ProjectConfigurationPlatforms) = postSolution
		{458CABB3-41FD-4CA4-8343-56ECC136662C}.Debug|Any CPU.ActiveCfg = Debug|Any CPU
		{458CABB3-41FD-4CA4-8343-56ECC136662C}.Debug|Any CPU.Build.0 = Debug|Any CPU
		{458CABB3-41FD-4CA4-8343-56ECC136662C}.Release|Any CPU.ActiveCfg = Release|Any CPU
		{458CABB3-41FD-4CA4-8343-56ECC136662C}.Release|Any CPU.Build.0 = Release|Any CPU
	EndGlobalSection
	GlobalSection(SolutionProperties) = preSolution
		HideSolutionNode = FALSE
	EndGlobalSection
	GlobalSection(ExtensibilityGlobals) = postSolution
		SolutionGuid = {EDFFADEE-7B5C-4396-BA89-69A7D057C41D}
	EndGlobalSection
EndGlobal
