
Microsoft Visual Studio Solution File, Format Version 12.00
# Visual Studio 15
VisualStudioVersion = 15.0.27130.2010
MinimumVisualStudioVersion = 10.0.40219.1
Project("{FAE04EC0-301F-11D3-BF4B-00C04F79EFBC}") = "Logger", "Logger\Logger.csproj", "{F3544F5F-E81E-4D3A-9712-568819F0B606}"
EndProject
Global
	GlobalSection(SolutionConfigurationPlatforms) = preSolution
		Debug|Any CPU = Debug|Any CPU
		Release|Any CPU = Release|Any CPU
	EndGlobalSection
	GlobalSection(ProjectConfigurationPlatforms) = postSolution
		{F3544F5F-E81E-4D3A-9712-568819F0B606}.Debug|Any CPU.ActiveCfg = Debug|Any CPU
		{F3544F5F-E81E-4D3A-9712-568819F0B606}.Debug|Any CPU.Build.0 = Debug|Any CPU
		{F3544F5F-E81E-4D3A-9712-568819F0B606}.Release|Any CPU.ActiveCfg = Release|Any CPU
		{F3544F5F-E81E-4D3A-9712-568819F0B606}.Release|Any CPU.Build.0 = Release|Any CPU
	EndGlobalSection
	GlobalSection(SolutionProperties) = preSolution
		HideSolutionNode = FALSE
	EndGlobalSection
	GlobalSection(ExtensibilityGlobals) = postSolution
		SolutionGuid = {401748E5-FD7C-461A-A1B1-26181DB4F605}
	EndGlobalSection
EndGlobal
