
Microsoft Visual Studio Solution File, Format Version 12.00
# Visual Studio 15
VisualStudioVersion = 15.0.27130.2010
MinimumVisualStudioVersion = 10.0.40219.1
Project("{FAE04EC0-301F-11D3-BF4B-00C04F79EFBC}") = "01.RawData", "01.RawData\01.RawData.csproj", "{6088EAE9-3300-4971-B3E9-B68B1E0340D8}"
EndProject
Project("{FAE04EC0-301F-11D3-BF4B-00C04F79EFBC}") = "02.CarsSalesman", "02.CarsSalesman\02.CarsSalesman.csproj", "{2BC06B32-4D99-45CA-8423-0F0C7EE737F9}"
EndProject
Project("{FAE04EC0-301F-11D3-BF4B-00C04F79EFBC}") = "03.JediGalaxy", "03.JediGalaxy\03.JediGalaxy.csproj", "{C7CED1A5-1357-45E2-BF83-F662DF437B1C}"
EndProject
Project("{FAE04EC0-301F-11D3-BF4B-00C04F79EFBC}") = "04.Hospital", "04.Hospital\04.Hospital.csproj", "{A349DAE3-458B-4367-835F-C66D5A47075A}"
EndProject
Project("{FAE04EC0-301F-11D3-BF4B-00C04F79EFBC}") = "05.GreedyTimes", "05.GreedyTimes\05.GreedyTimes.csproj", "{714E07C4-F31B-4759-AE26-D025EBD814D2}"
EndProject
Project("{FAE04EC0-301F-11D3-BF4B-00C04F79EFBC}") = "06.Sneaking", "06.Sneaking\06.Sneaking.csproj", "{3E614426-854D-444A-A093-D4BD13A60FE0}"
EndProject
Project("{FAE04EC0-301F-11D3-BF4B-00C04F79EFBC}") = "07.FamilyTree", "07.FamilyTree\07.FamilyTree.csproj", "{B1BEF568-83DA-40BE-BE02-3EA237047D0C}"
EndProject
Global
	GlobalSection(SolutionConfigurationPlatforms) = preSolution
		Debug|Any CPU = Debug|Any CPU
		Release|Any CPU = Release|Any CPU
	EndGlobalSection
	GlobalSection(ProjectConfigurationPlatforms) = postSolution
		{6088EAE9-3300-4971-B3E9-B68B1E0340D8}.Debug|Any CPU.ActiveCfg = Debug|Any CPU
		{6088EAE9-3300-4971-B3E9-B68B1E0340D8}.Debug|Any CPU.Build.0 = Debug|Any CPU
		{6088EAE9-3300-4971-B3E9-B68B1E0340D8}.Release|Any CPU.ActiveCfg = Release|Any CPU
		{6088EAE9-3300-4971-B3E9-B68B1E0340D8}.Release|Any CPU.Build.0 = Release|Any CPU
		{2BC06B32-4D99-45CA-8423-0F0C7EE737F9}.Debug|Any CPU.ActiveCfg = Debug|Any CPU
		{2BC06B32-4D99-45CA-8423-0F0C7EE737F9}.Debug|Any CPU.Build.0 = Debug|Any CPU
		{2BC06B32-4D99-45CA-8423-0F0C7EE737F9}.Release|Any CPU.ActiveCfg = Release|Any CPU
		{2BC06B32-4D99-45CA-8423-0F0C7EE737F9}.Release|Any CPU.Build.0 = Release|Any CPU
		{C7CED1A5-1357-45E2-BF83-F662DF437B1C}.Debug|Any CPU.ActiveCfg = Debug|Any CPU
		{C7CED1A5-1357-45E2-BF83-F662DF437B1C}.Debug|Any CPU.Build.0 = Debug|Any CPU
		{C7CED1A5-1357-45E2-BF83-F662DF437B1C}.Release|Any CPU.ActiveCfg = Release|Any CPU
		{C7CED1A5-1357-45E2-BF83-F662DF437B1C}.Release|Any CPU.Build.0 = Release|Any CPU
		{A349DAE3-458B-4367-835F-C66D5A47075A}.Debug|Any CPU.ActiveCfg = Debug|Any CPU
		{A349DAE3-458B-4367-835F-C66D5A47075A}.Debug|Any CPU.Build.0 = Debug|Any CPU
		{A349DAE3-458B-4367-835F-C66D5A47075A}.Release|Any CPU.ActiveCfg = Release|Any CPU
		{A349DAE3-458B-4367-835F-C66D5A47075A}.Release|Any CPU.Build.0 = Release|Any CPU
		{714E07C4-F31B-4759-AE26-D025EBD814D2}.Debug|Any CPU.ActiveCfg = Debug|Any CPU
		{714E07C4-F31B-4759-AE26-D025EBD814D2}.Debug|Any CPU.Build.0 = Debug|Any CPU
		{714E07C4-F31B-4759-AE26-D025EBD814D2}.Release|Any CPU.ActiveCfg = Release|Any CPU
		{714E07C4-F31B-4759-AE26-D025EBD814D2}.Release|Any CPU.Build.0 = Release|Any CPU
		{3E614426-854D-444A-A093-D4BD13A60FE0}.Debug|Any CPU.ActiveCfg = Debug|Any CPU
		{3E614426-854D-444A-A093-D4BD13A60FE0}.Debug|Any CPU.Build.0 = Debug|Any CPU
		{3E614426-854D-444A-A093-D4BD13A60FE0}.Release|Any CPU.ActiveCfg = Release|Any CPU
		{3E614426-854D-444A-A093-D4BD13A60FE0}.Release|Any CPU.Build.0 = Release|Any CPU
		{B1BEF568-83DA-40BE-BE02-3EA237047D0C}.Debug|Any CPU.ActiveCfg = Debug|Any CPU
		{B1BEF568-83DA-40BE-BE02-3EA237047D0C}.Debug|Any CPU.Build.0 = Debug|Any CPU
		{B1BEF568-83DA-40BE-BE02-3EA237047D0C}.Release|Any CPU.ActiveCfg = Release|Any CPU
		{B1BEF568-83DA-40BE-BE02-3EA237047D0C}.Release|Any CPU.Build.0 = Release|Any CPU
	EndGlobalSection
	GlobalSection(SolutionProperties) = preSolution
		HideSolutionNode = FALSE
	EndGlobalSection
	GlobalSection(ExtensibilityGlobals) = postSolution
		SolutionGuid = {BC4B091D-68F7-4096-9656-BB540022B112}
	EndGlobalSection
EndGlobal
