
Microsoft Visual Studio Solution File, Format Version 12.00
# Visual Studio 15
VisualStudioVersion = 15.0.27130.2010
MinimumVisualStudioVersion = 10.0.40219.1
Project("{FAE04EC0-301F-11D3-BF4B-00C04F79EFBC}") = "01.Person", "01.Person\01.Person.csproj", "{8A439775-9CDF-4C30-AF69-53DA4276C5F4}"
EndProject
Project("{FAE04EC0-301F-11D3-BF4B-00C04F79EFBC}") = "02.BookShop", "02.BookShop\02.BookShop.csproj", "{FF3CA20B-3FAE-46B1-9610-476709A2DA4B}"
EndProject
Project("{FAE04EC0-301F-11D3-BF4B-00C04F79EFBC}") = "03.Mankind", "03.Mankind\03.Mankind.csproj", "{12CA8103-8B57-45CC-90E1-7BB8BBFE3551}"
EndProject
Project("{FAE04EC0-301F-11D3-BF4B-00C04F79EFBC}") = "04.OnlineRadioDatabase", "04.OnlineRadioDatabase\04.OnlineRadioDatabase.csproj", "{E9314C58-870A-48E4-9370-3D5CC30FFCB6}"
EndProject
Global
	GlobalSection(SolutionConfigurationPlatforms) = preSolution
		Debug|Any CPU = Debug|Any CPU
		Release|Any CPU = Release|Any CPU
	EndGlobalSection
	GlobalSection(ProjectConfigurationPlatforms) = postSolution
		{8A439775-9CDF-4C30-AF69-53DA4276C5F4}.Debug|Any CPU.ActiveCfg = Debug|Any CPU
		{8A439775-9CDF-4C30-AF69-53DA4276C5F4}.Debug|Any CPU.Build.0 = Debug|Any CPU
		{8A439775-9CDF-4C30-AF69-53DA4276C5F4}.Release|Any CPU.ActiveCfg = Release|Any CPU
		{8A439775-9CDF-4C30-AF69-53DA4276C5F4}.Release|Any CPU.Build.0 = Release|Any CPU
		{FF3CA20B-3FAE-46B1-9610-476709A2DA4B}.Debug|Any CPU.ActiveCfg = Debug|Any CPU
		{FF3CA20B-3FAE-46B1-9610-476709A2DA4B}.Debug|Any CPU.Build.0 = Debug|Any CPU
		{FF3CA20B-3FAE-46B1-9610-476709A2DA4B}.Release|Any CPU.ActiveCfg = Release|Any CPU
		{FF3CA20B-3FAE-46B1-9610-476709A2DA4B}.Release|Any CPU.Build.0 = Release|Any CPU
		{12CA8103-8B57-45CC-90E1-7BB8BBFE3551}.Debug|Any CPU.ActiveCfg = Debug|Any CPU
		{12CA8103-8B57-45CC-90E1-7BB8BBFE3551}.Debug|Any CPU.Build.0 = Debug|Any CPU
		{12CA8103-8B57-45CC-90E1-7BB8BBFE3551}.Release|Any CPU.ActiveCfg = Release|Any CPU
		{12CA8103-8B57-45CC-90E1-7BB8BBFE3551}.Release|Any CPU.Build.0 = Release|Any CPU
		{E9314C58-870A-48E4-9370-3D5CC30FFCB6}.Debug|Any CPU.ActiveCfg = Debug|Any CPU
		{E9314C58-870A-48E4-9370-3D5CC30FFCB6}.Debug|Any CPU.Build.0 = Debug|Any CPU
		{E9314C58-870A-48E4-9370-3D5CC30FFCB6}.Release|Any CPU.ActiveCfg = Release|Any CPU
		{E9314C58-870A-48E4-9370-3D5CC30FFCB6}.Release|Any CPU.Build.0 = Release|Any CPU
	EndGlobalSection
	GlobalSection(SolutionProperties) = preSolution
		HideSolutionNode = FALSE
	EndGlobalSection
	GlobalSection(ExtensibilityGlobals) = postSolution
		SolutionGuid = {94DE18D6-4960-42F8-8444-C9DFC3A4D953}
	EndGlobalSection
EndGlobal
