
Microsoft Visual Studio Solution File, Format Version 12.00
# Visual Studio 15
VisualStudioVersion = 15.0.27130.2010
MinimumVisualStudioVersion = 10.0.40219.1
Project("{FAE04EC0-301F-11D3-BF4B-00C04F79EFBC}") = "01.JediMeditation", "01.JediMeditation\01.JediMeditation.csproj", "{5B9E95EA-590A-49DF-A75B-8BF46E9806FB}"
EndProject
Project("{FAE04EC0-301F-11D3-BF4B-00C04F79EFBC}") = "02.JediGalaxy", "02.JediGalaxy\02.JediGalaxy.csproj", "{A40CA49E-663B-41E8-9438-D863532AB3C2}"
EndProject
Project("{FAE04EC0-301F-11D3-BF4B-00C04F79EFBC}") = "03.JediCodeX", "03.JediCodeX\03.JediCodeX.csproj", "{9B9226DD-06AD-4548-9906-AB9F609F9876}"
EndProject
Project("{FAE04EC0-301F-11D3-BF4B-00C04F79EFBC}") = "04.JediDreams", "04.JediDreams\04.JediDreams.csproj", "{8B959477-BB10-49C2-9A57-4C29ABF5A83E}"
EndProject
Global
	GlobalSection(SolutionConfigurationPlatforms) = preSolution
		Debug|Any CPU = Debug|Any CPU
		Release|Any CPU = Release|Any CPU
	EndGlobalSection
	GlobalSection(ProjectConfigurationPlatforms) = postSolution
		{5B9E95EA-590A-49DF-A75B-8BF46E9806FB}.Debug|Any CPU.ActiveCfg = Debug|Any CPU
		{5B9E95EA-590A-49DF-A75B-8BF46E9806FB}.Debug|Any CPU.Build.0 = Debug|Any CPU
		{5B9E95EA-590A-49DF-A75B-8BF46E9806FB}.Release|Any CPU.ActiveCfg = Release|Any CPU
		{5B9E95EA-590A-49DF-A75B-8BF46E9806FB}.Release|Any CPU.Build.0 = Release|Any CPU
		{A40CA49E-663B-41E8-9438-D863532AB3C2}.Debug|Any CPU.ActiveCfg = Debug|Any CPU
		{A40CA49E-663B-41E8-9438-D863532AB3C2}.Debug|Any CPU.Build.0 = Debug|Any CPU
		{A40CA49E-663B-41E8-9438-D863532AB3C2}.Release|Any CPU.ActiveCfg = Release|Any CPU
		{A40CA49E-663B-41E8-9438-D863532AB3C2}.Release|Any CPU.Build.0 = Release|Any CPU
		{9B9226DD-06AD-4548-9906-AB9F609F9876}.Debug|Any CPU.ActiveCfg = Debug|Any CPU
		{9B9226DD-06AD-4548-9906-AB9F609F9876}.Debug|Any CPU.Build.0 = Debug|Any CPU
		{9B9226DD-06AD-4548-9906-AB9F609F9876}.Release|Any CPU.ActiveCfg = Release|Any CPU
		{9B9226DD-06AD-4548-9906-AB9F609F9876}.Release|Any CPU.Build.0 = Release|Any CPU
		{8B959477-BB10-49C2-9A57-4C29ABF5A83E}.Debug|Any CPU.ActiveCfg = Debug|Any CPU
		{8B959477-BB10-49C2-9A57-4C29ABF5A83E}.Debug|Any CPU.Build.0 = Debug|Any CPU
		{8B959477-BB10-49C2-9A57-4C29ABF5A83E}.Release|Any CPU.ActiveCfg = Release|Any CPU
		{8B959477-BB10-49C2-9A57-4C29ABF5A83E}.Release|Any CPU.Build.0 = Release|Any CPU
	EndGlobalSection
	GlobalSection(SolutionProperties) = preSolution
		HideSolutionNode = FALSE
	EndGlobalSection
	GlobalSection(ExtensibilityGlobals) = postSolution
		SolutionGuid = {51FDF9D1-B1C6-4EF1-BFB4-C6D8AE346F18}
	EndGlobalSection
EndGlobal
