
Microsoft Visual Studio Solution File, Format Version 12.00
# Visual Studio 15
VisualStudioVersion = 15.0.27130.2010
MinimumVisualStudioVersion = 10.0.40219.1
Project("{FAE04EC0-301F-11D3-BF4B-00C04F79EFBC}") = "00.GenericBox", "00.GenericBox\00.GenericBox.csproj", "{0B530853-6626-474F-8DCB-E9DF470B6ABF}"
EndProject
Project("{FAE04EC0-301F-11D3-BF4B-00C04F79EFBC}") = "07.CustomList", "07.CustomList\07.CustomList.csproj", "{D38890C6-D42A-48D6-A970-61DFB0D621D0}"
EndProject
Project("{FAE04EC0-301F-11D3-BF4B-00C04F79EFBC}") = "11.Tuple", "11.Tuple\11.Tuple.csproj", "{44BF580F-BC2D-4BF2-995F-C6E3827D8F82}"
EndProject
Project("{FAE04EC0-301F-11D3-BF4B-00C04F79EFBC}") = "12.Threeuple", "12.Threeuple\12.Threeuple.csproj", "{610EAD30-A57D-4BA1-A27D-BF7793E208A5}"
EndProject
Global
	GlobalSection(SolutionConfigurationPlatforms) = preSolution
		Debug|Any CPU = Debug|Any CPU
		Release|Any CPU = Release|Any CPU
	EndGlobalSection
	GlobalSection(ProjectConfigurationPlatforms) = postSolution
		{0B530853-6626-474F-8DCB-E9DF470B6ABF}.Debug|Any CPU.ActiveCfg = Debug|Any CPU
		{0B530853-6626-474F-8DCB-E9DF470B6ABF}.Debug|Any CPU.Build.0 = Debug|Any CPU
		{0B530853-6626-474F-8DCB-E9DF470B6ABF}.Release|Any CPU.ActiveCfg = Release|Any CPU
		{0B530853-6626-474F-8DCB-E9DF470B6ABF}.Release|Any CPU.Build.0 = Release|Any CPU
		{D38890C6-D42A-48D6-A970-61DFB0D621D0}.Debug|Any CPU.ActiveCfg = Debug|Any CPU
		{D38890C6-D42A-48D6-A970-61DFB0D621D0}.Debug|Any CPU.Build.0 = Debug|Any CPU
		{D38890C6-D42A-48D6-A970-61DFB0D621D0}.Release|Any CPU.ActiveCfg = Release|Any CPU
		{D38890C6-D42A-48D6-A970-61DFB0D621D0}.Release|Any CPU.Build.0 = Release|Any CPU
		{44BF580F-BC2D-4BF2-995F-C6E3827D8F82}.Debug|Any CPU.ActiveCfg = Debug|Any CPU
		{44BF580F-BC2D-4BF2-995F-C6E3827D8F82}.Debug|Any CPU.Build.0 = Debug|Any CPU
		{44BF580F-BC2D-4BF2-995F-C6E3827D8F82}.Release|Any CPU.ActiveCfg = Release|Any CPU
		{44BF580F-BC2D-4BF2-995F-C6E3827D8F82}.Release|Any CPU.Build.0 = Release|Any CPU
		{610EAD30-A57D-4BA1-A27D-BF7793E208A5}.Debug|Any CPU.ActiveCfg = Debug|Any CPU
		{610EAD30-A57D-4BA1-A27D-BF7793E208A5}.Debug|Any CPU.Build.0 = Debug|Any CPU
		{610EAD30-A57D-4BA1-A27D-BF7793E208A5}.Release|Any CPU.ActiveCfg = Release|Any CPU
		{610EAD30-A57D-4BA1-A27D-BF7793E208A5}.Release|Any CPU.Build.0 = Release|Any CPU
	EndGlobalSection
	GlobalSection(SolutionProperties) = preSolution
		HideSolutionNode = FALSE
	EndGlobalSection
	GlobalSection(ExtensibilityGlobals) = postSolution
		SolutionGuid = {AECA60B5-05BE-4EF9-98CA-8801602DAB23}
	EndGlobalSection
EndGlobal
